
Microsoft Visual Studio Solution File, Format Version 12.00
# Visual Studio Version 17
VisualStudioVersion = 17.7.34018.315
MinimumVisualStudioVersion = 10.0.40219.1
Project("{9A19103F-16F7-4668-BE54-9A1E7A4F7556}") = "ConsoleApp", "ConsoleApp\ConsoleApp.csproj", "{88F3C2FB-00DD-41B4-BB5B-02D47504091D}"
EndProject
Project("{FAE04EC0-301F-11D3-BF4B-00C04F79EFBC}") = "Library", "Domain\Domain.csproj", "{24135F11-979A-4DD6-8061-570132AB922A}"
EndProject
Project("{FAE04EC0-301F-11D3-BF4B-00C04F79EFBC}") = "UnitTests", "UnitTests\UnitTests.csproj", "{D4604DAF-5266-4D30-8C8F-EA14C07354D3}"
EndProject
Global
	GlobalSection(SolutionConfigurationPlatforms) = preSolution
		Debug|Any CPU = Debug|Any CPU
		Release|Any CPU = Release|Any CPU
	EndGlobalSection
	GlobalSection(ProjectConfigurationPlatforms) = postSolution
		{88F3C2FB-00DD-41B4-BB5B-02D47504091D}.Debug|Any CPU.ActiveCfg = Debug|Any CPU
		{88F3C2FB-00DD-41B4-BB5B-02D47504091D}.Debug|Any CPU.Build.0 = Debug|Any CPU
		{88F3C2FB-00DD-41B4-BB5B-02D47504091D}.Release|Any CPU.ActiveCfg = Release|Any CPU
		{88F3C2FB-00DD-41B4-BB5B-02D47504091D}.Release|Any CPU.Build.0 = Release|Any CPU
		{24135F11-979A-4DD6-8061-570132AB922A}.Debug|Any CPU.ActiveCfg = Debug|Any CPU
		{24135F11-979A-4DD6-8061-570132AB922A}.Debug|Any CPU.Build.0 = Debug|Any CPU
		{24135F11-979A-4DD6-8061-570132AB922A}.Release|Any CPU.ActiveCfg = Release|Any CPU
		{24135F11-979A-4DD6-8061-570132AB922A}.Release|Any CPU.Build.0 = Release|Any CPU
		{D4604DAF-5266-4D30-8C8F-EA14C07354D3}.Debug|Any CPU.ActiveCfg = Debug|Any CPU
		{D4604DAF-5266-4D30-8C8F-EA14C07354D3}.Debug|Any CPU.Build.0 = Debug|Any CPU
		{D4604DAF-5266-4D30-8C8F-EA14C07354D3}.Release|Any CPU.ActiveCfg = Release|Any CPU
		{D4604DAF-5266-4D30-8C8F-EA14C07354D3}.Release|Any CPU.Build.0 = Release|Any CPU
	EndGlobalSection
	GlobalSection(SolutionProperties) = preSolution
		HideSolutionNode = FALSE
	EndGlobalSection
	GlobalSection(ExtensibilityGlobals) = postSolution
		SolutionGuid = {021F99B1-78CE-4FBC-BF64-F2CAFEB3111A}
	EndGlobalSection
EndGlobal
